
Microsoft Visual Studio Solution File, Format Version 12.00
# Visual Studio Version 17
VisualStudioVersion = 17.12.35707.178
MinimumVisualStudioVersion = 10.0.40219.1
Project("{FAE04EC0-301F-11D3-BF4B-00C04F79EFBC}") = "Arrays1", "Arrays1\Arrays1.csproj", "{6E333BC0-A938-4B7B-9CD5-7EE1342D76B2}"
EndProject
Project("{FAE04EC0-301F-11D3-BF4B-00C04F79EFBC}") = "TurseneNaElement", "TurseneNaElement\TurseneNaElement.csproj", "{5D402CC7-E544-4B60-92B6-47EBBFA46AA8}"
EndProject
Project("{FAE04EC0-301F-11D3-BF4B-00C04F79EFBC}") = "NaiDulgotoIme", "NaiDulgotoIme\NaiDulgotoIme.csproj", "{66331B42-4A6E-4F59-9937-29A334245AD8}"
EndProject
Project("{FAE04EC0-301F-11D3-BF4B-00C04F79EFBC}") = "NaiChestoSreshtanElement", "NaiChestoSreshtanElement\NaiChestoSreshtanElement.csproj", "{DFE8D193-07EE-457C-B3C0-ECDB609468FF}"
EndProject
Project("{FAE04EC0-301F-11D3-BF4B-00C04F79EFBC}") = "KolkoPutiSeSreshtaChislo", "KolkoPutiSeSreshtaChislo\KolkoPutiSeSreshtaChislo.csproj", "{E750FE6E-95BA-4A85-B536-A8080196FF7B}"
EndProject
Project("{FAE04EC0-301F-11D3-BF4B-00C04F79EFBC}") = "FindEvenElement", "FindEvenElement\FindEvenElement.csproj", "{D19C99FB-2511-4808-913D-079C747D4769}"
EndProject
Global
	GlobalSection(SolutionConfigurationPlatforms) = preSolution
		Debug|Any CPU = Debug|Any CPU
		Release|Any CPU = Release|Any CPU
	EndGlobalSection
	GlobalSection(ProjectConfigurationPlatforms) = postSolution
		{6E333BC0-A938-4B7B-9CD5-7EE1342D76B2}.Debug|Any CPU.ActiveCfg = Debug|Any CPU
		{6E333BC0-A938-4B7B-9CD5-7EE1342D76B2}.Debug|Any CPU.Build.0 = Debug|Any CPU
		{6E333BC0-A938-4B7B-9CD5-7EE1342D76B2}.Release|Any CPU.ActiveCfg = Release|Any CPU
		{6E333BC0-A938-4B7B-9CD5-7EE1342D76B2}.Release|Any CPU.Build.0 = Release|Any CPU
		{5D402CC7-E544-4B60-92B6-47EBBFA46AA8}.Debug|Any CPU.ActiveCfg = Debug|Any CPU
		{5D402CC7-E544-4B60-92B6-47EBBFA46AA8}.Debug|Any CPU.Build.0 = Debug|Any CPU
		{5D402CC7-E544-4B60-92B6-47EBBFA46AA8}.Release|Any CPU.ActiveCfg = Release|Any CPU
		{5D402CC7-E544-4B60-92B6-47EBBFA46AA8}.Release|Any CPU.Build.0 = Release|Any CPU
		{66331B42-4A6E-4F59-9937-29A334245AD8}.Debug|Any CPU.ActiveCfg = Debug|Any CPU
		{66331B42-4A6E-4F59-9937-29A334245AD8}.Debug|Any CPU.Build.0 = Debug|Any CPU
		{66331B42-4A6E-4F59-9937-29A334245AD8}.Release|Any CPU.ActiveCfg = Release|Any CPU
		{66331B42-4A6E-4F59-9937-29A334245AD8}.Release|Any CPU.Build.0 = Release|Any CPU
		{DFE8D193-07EE-457C-B3C0-ECDB609468FF}.Debug|Any CPU.ActiveCfg = Debug|Any CPU
		{DFE8D193-07EE-457C-B3C0-ECDB609468FF}.Debug|Any CPU.Build.0 = Debug|Any CPU
		{DFE8D193-07EE-457C-B3C0-ECDB609468FF}.Release|Any CPU.ActiveCfg = Release|Any CPU
		{DFE8D193-07EE-457C-B3C0-ECDB609468FF}.Release|Any CPU.Build.0 = Release|Any CPU
		{E750FE6E-95BA-4A85-B536-A8080196FF7B}.Debug|Any CPU.ActiveCfg = Debug|Any CPU
		{E750FE6E-95BA-4A85-B536-A8080196FF7B}.Debug|Any CPU.Build.0 = Debug|Any CPU
		{E750FE6E-95BA-4A85-B536-A8080196FF7B}.Release|Any CPU.ActiveCfg = Release|Any CPU
		{E750FE6E-95BA-4A85-B536-A8080196FF7B}.Release|Any CPU.Build.0 = Release|Any CPU
		{D19C99FB-2511-4808-913D-079C747D4769}.Debug|Any CPU.ActiveCfg = Debug|Any CPU
		{D19C99FB-2511-4808-913D-079C747D4769}.Debug|Any CPU.Build.0 = Debug|Any CPU
		{D19C99FB-2511-4808-913D-079C747D4769}.Release|Any CPU.ActiveCfg = Release|Any CPU
		{D19C99FB-2511-4808-913D-079C747D4769}.Release|Any CPU.Build.0 = Release|Any CPU
	EndGlobalSection
	GlobalSection(SolutionProperties) = preSolution
		HideSolutionNode = FALSE
	EndGlobalSection
EndGlobal
